
Microsoft Visual Studio Solution File, Format Version 12.00
# Visual Studio Version 16
VisualStudioVersion = 16.0.31025.194
MinimumVisualStudioVersion = 10.0.40219.1
Project("{8BC9CEB8-8B4A-11D0-8D11-00A0C91BC942}") = "vj9_zad1", "vj9_zad1\vj9_zad1.vcxproj", "{E9524267-8DA6-41F8-B230-78D3C758BDE1}"
EndProject
Global
	GlobalSection(SolutionConfigurationPlatforms) = preSolution
		Debug|x64 = Debug|x64
		Debug|x86 = Debug|x86
		Release|x64 = Release|x64
		Release|x86 = Release|x86
	EndGlobalSection
	GlobalSection(ProjectConfigurationPlatforms) = postSolution
		{E9524267-8DA6-41F8-B230-78D3C758BDE1}.Debug|x64.ActiveCfg = Debug|x64
		{E9524267-8DA6-41F8-B230-78D3C758BDE1}.Debug|x64.Build.0 = Debug|x64
		{E9524267-8DA6-41F8-B230-78D3C758BDE1}.Debug|x86.ActiveCfg = Debug|Win32
		{E9524267-8DA6-41F8-B230-78D3C758BDE1}.Debug|x86.Build.0 = Debug|Win32
		{E9524267-8DA6-41F8-B230-78D3C758BDE1}.Release|x64.ActiveCfg = Release|x64
		{E9524267-8DA6-41F8-B230-78D3C758BDE1}.Release|x64.Build.0 = Release|x64
		{E9524267-8DA6-41F8-B230-78D3C758BDE1}.Release|x86.ActiveCfg = Release|Win32
		{E9524267-8DA6-41F8-B230-78D3C758BDE1}.Release|x86.Build.0 = Release|Win32
	EndGlobalSection
	GlobalSection(SolutionProperties) = preSolution
		HideSolutionNode = FALSE
	EndGlobalSection
	GlobalSection(ExtensibilityGlobals) = postSolution
		SolutionGuid = {8B5514E8-6D7F-4671-9E6D-EE21A52771C1}
	EndGlobalSection
EndGlobal
