
Microsoft Visual Studio Solution File, Format Version 12.00
# Visual Studio Version 16
VisualStudioVersion = 16.0.31025.194
MinimumVisualStudioVersion = 10.0.40219.1
Project("{8BC9CEB8-8B4A-11D0-8D11-00A0C91BC942}") = "vj11_zad1", "vj11_zad1\vj11_zad1.vcxproj", "{F8758E09-E415-4D4A-908C-2B4E1CB6211F}"
EndProject
Global
	GlobalSection(SolutionConfigurationPlatforms) = preSolution
		Debug|x64 = Debug|x64
		Debug|x86 = Debug|x86
		Release|x64 = Release|x64
		Release|x86 = Release|x86
	EndGlobalSection
	GlobalSection(ProjectConfigurationPlatforms) = postSolution
		{F8758E09-E415-4D4A-908C-2B4E1CB6211F}.Debug|x64.ActiveCfg = Debug|x64
		{F8758E09-E415-4D4A-908C-2B4E1CB6211F}.Debug|x64.Build.0 = Debug|x64
		{F8758E09-E415-4D4A-908C-2B4E1CB6211F}.Debug|x86.ActiveCfg = Debug|Win32
		{F8758E09-E415-4D4A-908C-2B4E1CB6211F}.Debug|x86.Build.0 = Debug|Win32
		{F8758E09-E415-4D4A-908C-2B4E1CB6211F}.Release|x64.ActiveCfg = Release|x64
		{F8758E09-E415-4D4A-908C-2B4E1CB6211F}.Release|x64.Build.0 = Release|x64
		{F8758E09-E415-4D4A-908C-2B4E1CB6211F}.Release|x86.ActiveCfg = Release|Win32
		{F8758E09-E415-4D4A-908C-2B4E1CB6211F}.Release|x86.Build.0 = Release|Win32
	EndGlobalSection
	GlobalSection(SolutionProperties) = preSolution
		HideSolutionNode = FALSE
	EndGlobalSection
	GlobalSection(ExtensibilityGlobals) = postSolution
		SolutionGuid = {4984B249-83DE-439C-8F62-C96F1CC2DF7C}
	EndGlobalSection
EndGlobal
